
Microsoft Visual Studio Solution File, Format Version 12.00
# Visual Studio Version 16
VisualStudioVersion = 16.0.32802.440
MinimumVisualStudioVersion = 10.0.40219.1
Project("{FAE04EC0-301F-11D3-BF4B-00C04F79EFBC}") = "GuestBookProject", "GuestBookProject\GuestBookProject.csproj", "{6A292C8D-C3DB-442F-9F9A-452B9B5A7340}"
EndProject
Global
	GlobalSection(SolutionConfigurationPlatforms) = preSolution
		Debug|Any CPU = Debug|Any CPU
		Release|Any CPU = Release|Any CPU
	EndGlobalSection
	GlobalSection(ProjectConfigurationPlatforms) = postSolution
		{6A292C8D-C3DB-442F-9F9A-452B9B5A7340}.Debug|Any CPU.ActiveCfg = Debug|Any CPU
		{6A292C8D-C3DB-442F-9F9A-452B9B5A7340}.Debug|Any CPU.Build.0 = Debug|Any CPU
		{6A292C8D-C3DB-442F-9F9A-452B9B5A7340}.Release|Any CPU.ActiveCfg = Release|Any CPU
		{6A292C8D-C3DB-442F-9F9A-452B9B5A7340}.Release|Any CPU.Build.0 = Release|Any CPU
	EndGlobalSection
	GlobalSection(SolutionProperties) = preSolution
		HideSolutionNode = FALSE
	EndGlobalSection
	GlobalSection(ExtensibilityGlobals) = postSolution
		SolutionGuid = {99DA99D4-FCC5-4E66-863D-53D89AD36250}
	EndGlobalSection
EndGlobal
